
Microsoft Visual Studio Solution File, Format Version 12.00
# Visual Studio Version 17
VisualStudioVersion = 17.7.34202.233
MinimumVisualStudioVersion = 10.0.40219.1
Project("{FAE04EC0-301F-11D3-BF4B-00C04F79EFBC}") = "Ejercicio_Integrador_N2_ThomasMarino", "Ejercicio_Integrador_N2_ThomasMarino.csproj", "{51918BA0-D49A-472F-AF33-D4C4492D39CF}"
EndProject
Project("{FAE04EC0-301F-11D3-BF4B-00C04F79EFBC}") = "Entidades", "..\Entidades\Entidades.csproj", "{0F6689B0-CB9F-4523-B4FD-6AF7C849DF7D}"
EndProject
Global
	GlobalSection(SolutionConfigurationPlatforms) = preSolution
		Debug|Any CPU = Debug|Any CPU
		Release|Any CPU = Release|Any CPU
	EndGlobalSection
	GlobalSection(ProjectConfigurationPlatforms) = postSolution
		{51918BA0-D49A-472F-AF33-D4C4492D39CF}.Debug|Any CPU.ActiveCfg = Debug|Any CPU
		{51918BA0-D49A-472F-AF33-D4C4492D39CF}.Debug|Any CPU.Build.0 = Debug|Any CPU
		{51918BA0-D49A-472F-AF33-D4C4492D39CF}.Release|Any CPU.ActiveCfg = Release|Any CPU
		{51918BA0-D49A-472F-AF33-D4C4492D39CF}.Release|Any CPU.Build.0 = Release|Any CPU
		{0F6689B0-CB9F-4523-B4FD-6AF7C849DF7D}.Debug|Any CPU.ActiveCfg = Debug|Any CPU
		{0F6689B0-CB9F-4523-B4FD-6AF7C849DF7D}.Debug|Any CPU.Build.0 = Debug|Any CPU
		{0F6689B0-CB9F-4523-B4FD-6AF7C849DF7D}.Release|Any CPU.ActiveCfg = Release|Any CPU
		{0F6689B0-CB9F-4523-B4FD-6AF7C849DF7D}.Release|Any CPU.Build.0 = Release|Any CPU
	EndGlobalSection
	GlobalSection(SolutionProperties) = preSolution
		HideSolutionNode = FALSE
	EndGlobalSection
	GlobalSection(ExtensibilityGlobals) = postSolution
		SolutionGuid = {CE937ED6-3A5B-4900-A605-C8030A41179F}
	EndGlobalSection
EndGlobal
